
Microsoft Visual Studio Solution File, Format Version 12.00
# Blend for Visual Studio Version 16
VisualStudioVersion = 16.0.30717.126
MinimumVisualStudioVersion = 10.0.40219.1
Project("{FAE04EC0-301F-11D3-BF4B-00C04F79EFBC}") = "WechatMediaRenamer", "WechatMediaRenamer\WechatMediaRenamer.csproj", "{4CDBBF26-46DA-4A3C-B5A8-F4E895463F99}"
EndProject
Global
	GlobalSection(SolutionConfigurationPlatforms) = preSolution
		Debug|Any CPU = Debug|Any CPU
		Release|Any CPU = Release|Any CPU
	EndGlobalSection
	GlobalSection(ProjectConfigurationPlatforms) = postSolution
		{4CDBBF26-46DA-4A3C-B5A8-F4E895463F99}.Debug|Any CPU.ActiveCfg = Debug|Any CPU
		{4CDBBF26-46DA-4A3C-B5A8-F4E895463F99}.Debug|Any CPU.Build.0 = Debug|Any CPU
		{4CDBBF26-46DA-4A3C-B5A8-F4E895463F99}.Release|Any CPU.ActiveCfg = Release|Any CPU
		{4CDBBF26-46DA-4A3C-B5A8-F4E895463F99}.Release|Any CPU.Build.0 = Release|Any CPU
	EndGlobalSection
	GlobalSection(SolutionProperties) = preSolution
		HideSolutionNode = FALSE
	EndGlobalSection
	GlobalSection(ExtensibilityGlobals) = postSolution
		SolutionGuid = {D30908F1-B7E2-40A3-B59A-D8ADD122DBA9}
	EndGlobalSection
EndGlobal
